// !$*UTF8*$!
{
	archiveVersion = 1;
	classes = {
	};
	objectVersion = 46;
	objects = {

/* Begin PBXBuildFile section */
		AA6BA1A916898F7100FCB2F9 /* UIKit.framework in Frameworks */ = {isa = PBXBuildFile; fileRef = AA6BA1A816898F7100FCB2F9 /* UIKit.framework */; };
		AA6BA1AB16898F7100FCB2F9 /* Foundation.framework in Frameworks */ = {isa = PBXBuildFile; fileRef = AA6BA1AA16898F7100FCB2F9 /* Foundation.framework */; };
		AA6BA1AD16898F7100FCB2F9 /* CoreGraphics.framework in Frameworks */ = {isa = PBXBuildFile; fileRef = AA6BA1AC16898F7100FCB2F9 /* CoreGraphics.framework */; };
		AA6BA1B316898F7100FCB2F9 /* InfoPlist.strings in Resources */ = {isa = PBXBuildFile; fileRef = AA6BA1B116898F7100FCB2F9 /* InfoPlist.strings */; };
		AA6BA1B516898F7100FCB2F9 /* main.m in Sources */ = {isa = PBXBuildFile; fileRef = AA6BA1B416898F7100FCB2F9 /* main.m */; };
		AA6BA1B916898F7100FCB2F9 /* AppDelegate.m in Sources */ = {isa = PBXBuildFile; fileRef = AA6BA1B816898F7100FCB2F9 /* AppDelegate.m */; };
		AA6BA1BB16898F7100FCB2F9 /* Default.png in Resources */ = {isa = PBXBuildFile; fileRef = AA6BA1BA16898F7100FCB2F9 /* Default.png */; };
		AA6BA1BD16898F7100FCB2F9 /* Default@2x.png in Resources */ = {isa = PBXBuildFile; fileRef = AA6BA1BC16898F7100FCB2F9 /* Default@2x.png */; };
		AA6BA1BF16898F7100FCB2F9 /* Default-568h@2x.png in Resources */ = {isa = PBXBuildFile; fileRef = AA6BA1BE16898F7100FCB2F9 /* Default-568h@2x.png */; };
		AA6BA1C216898F7100FCB2F9 /* ViewController.m in Sources */ = {isa = PBXBuildFile; fileRef = AA6BA1C116898F7100FCB2F9 /* ViewController.m */; };
		AA6BA1C516898F7100FCB2F9 /* ViewController.xib in Resources */ = {isa = PBXBuildFile; fileRef = AA6BA1C316898F7100FCB2F9 /* ViewController.xib */; };
/* End PBXBuildFile section */

/* Begin PBXFileReference section */
		AA6BA1A416898F7100FCB2F9 /* iOSBackgroundTest.app */ = {isa = PBXFileReference; explicitFileType = wrapper.application; includeInIndex = 0; path = iOSBackgroundTest.app; sourceTree = BUILT_PRODUCTS_DIR; };
		AA6BA1A816898F7100FCB2F9 /* UIKit.framework */ = {isa = PBXFileReference; lastKnownFileType = wrapper.framework; name = UIKit.framework; path = System/Library/Frameworks/UIKit.framework; sourceTree = SDKROOT; };
		AA6BA1AA16898F7100FCB2F9 /* Foundation.framework */ = {isa = PBXFileReference; lastKnownFileType = wrapper.framework; name = Foundation.framework; path = System/Library/Frameworks/Foundation.framework; sourceTree = SDKROOT; };
		AA6BA1AC16898F7100FCB2F9 /* CoreGraphics.framework */ = {isa = PBXFileReference; lastKnownFileType = wrapper.framework; name = CoreGraphics.framework; path = System/Library/Frameworks/CoreGraphics.framework; sourceTree = SDKROOT; };
		AA6BA1B016898F7100FCB2F9 /* iOSBackgroundTest-Info.plist */ = {isa = PBXFileReference; lastKnownFileType = text.plist.xml; path = "iOSBackgroundTest-Info.plist"; sourceTree = "<group>"; };
		AA6BA1B216898F7100FCB2F9 /* en */ = {isa = PBXFileReference; lastKnownFileType = text.plist.strings; name = en; path = en.lproj/InfoPlist.strings; sourceTree = "<group>"; };
		AA6BA1B416898F7100FCB2F9 /* main.m */ = {isa = PBXFileReference; lastKnownFileType = sourcecode.c.objc; path = main.m; sourceTree = "<group>"; };
		AA6BA1B616898F7100FCB2F9 /* iOSBackgroundTest-Prefix.pch */ = {isa = PBXFileReference; lastKnownFileType = sourcecode.c.h; path = "iOSBackgroundTest-Prefix.pch"; sourceTree = "<group>"; };
		AA6BA1B716898F7100FCB2F9 /* AppDelegate.h */ = {isa = PBXFileReference; lastKnownFileType = sourcecode.c.h; path = AppDelegate.h; sourceTree = "<group>"; };
		AA6BA1B816898F7100FCB2F9 /* AppDelegate.m */ = {isa = PBXFileReference; lastKnownFileType = sourcecode.c.objc; path = AppDelegate.m; sourceTree = "<group>"; };
		AA6BA1BA16898F7100FCB2F9 /* Default.png */ = {isa = PBXFileReference; lastKnownFileType = image.png; path = Default.png; sourceTree = "<group>"; };
		AA6BA1BC16898F7100FCB2F9 /* Default@2x.png */ = {isa = PBXFileReference; lastKnownFileType = image.png; path = "Default@2x.png"; sourceTree = "<group>"; };
		AA6BA1BE16898F7100FCB2F9 /* Default-568h@2x.png */ = {isa = PBXFileReference; lastKnownFileType = image.png; path = "Default-568h@2x.png"; sourceTree = "<group>"; };
		AA6BA1C016898F7100FCB2F9 /* ViewController.h */ = {isa = PBXFileReference; lastKnownFileType = sourcecode.c.h; path = ViewController.h; sourceTree = "<group>"; };
		AA6BA1C116898F7100FCB2F9 /* ViewController.m */ = {isa = PBXFileReference; lastKnownFileType = sourcecode.c.objc; path = ViewController.m; sourceTree = "<group>"; };
		AA6BA1C416898F7100FCB2F9 /* en */ = {isa = PBXFileReference; lastKnownFileType = file.xib; name = en; path = en.lproj/ViewController.xib; sourceTree = "<group>"; };
/* End PBXFileReference section */

/* Begin PBXFrameworksBuildPhase section */
		AA6BA1A116898F7100FCB2F9 /* Frameworks */ = {
			isa = PBXFrameworksBuildPhase;
			buildActionMask = 2147483647;
			files = (
				AA6BA1A916898F7100FCB2F9 /* UIKit.framework in Frameworks */,
				AA6BA1AB16898F7100FCB2F9 /* Foundation.framework in Frameworks */,
				AA6BA1AD16898F7100FCB2F9 /* CoreGraphics.framework in Frameworks */,
			);
			runOnlyForDeploymentPostprocessing = 0;
		};
/* End PBXFrameworksBuildPhase section */

/* Begin PBXGroup section */
		AA6BA19916898F7100FCB2F9 = {
			isa = PBXGroup;
			children = (
				AA6BA1AE16898F7100FCB2F9 /* iOSBackgroundTest */,
				AA6BA1A716898F7100FCB2F9 /* Frameworks */,
				AA6BA1A516898F7100FCB2F9 /* Products */,
			);
			sourceTree = "<group>";
		};
		AA6BA1A516898F7100FCB2F9 /* Products */ = {
			isa = PBXGroup;
			children = (
				AA6BA1A416898F7100FCB2F9 /* iOSBackgroundTest.app */,
			);
			name = Products;
			sourceTree = "<group>";
		};
		AA6BA1A716898F7100FCB2F9 /* Frameworks */ = {
			isa = PBXGroup;
			children = (
				AA6BA1A816898F7100FCB2F9 /* UIKit.framework */,
				AA6BA1AA16898F7100FCB2F9 /* Foundation.framework */,
				AA6BA1AC16898F7100FCB2F9 /* CoreGraphics.framework */,
			);
			name = Frameworks;
			sourceTree = "<group>";
		};
		AA6BA1AE16898F7100FCB2F9 /* iOSBackgroundTest */ = {
			isa = PBXGroup;
			children = (
				AA6BA1B716898F7100FCB2F9 /* AppDelegate.h */,
				AA6BA1B816898F7100FCB2F9 /* AppDelegate.m */,
				AA6BA1C016898F7100FCB2F9 /* ViewController.h */,
				AA6BA1C116898F7100FCB2F9 /* ViewController.m */,
				AA6BA1C316898F7100FCB2F9 /* ViewController.xib */,
				AA6BA1AF16898F7100FCB2F9 /* Supporting Files */,
			);
			path = iOSBackgroundTest;
			sourceTree = "<group>";
		};
		AA6BA1AF16898F7100FCB2F9 /* Supporting Files */ = {
			isa = PBXGroup;
			children = (
				AA6BA1B016898F7100FCB2F9 /* iOSBackgroundTest-Info.plist */,
				AA6BA1B116898F7100FCB2F9 /* InfoPlist.strings */,
				AA6BA1B416898F7100FCB2F9 /* main.m */,
				AA6BA1B616898F7100FCB2F9 /* iOSBackgroundTest-Prefix.pch */,
				AA6BA1BA16898F7100FCB2F9 /* Default.png */,
				AA6BA1BC16898F7100FCB2F9 /* Default@2x.png */,
				AA6BA1BE16898F7100FCB2F9 /* Default-568h@2x.png */,
			);
			name = "Supporting Files";
			sourceTree = "<group>";
		};
/* End PBXGroup section */

/* Begin PBXNativeTarget section */
		AA6BA1A316898F7100FCB2F9 /* iOSBackgroundTest */ = {
			isa = PBXNativeTarget;
			buildConfigurationList = AA6BA1C816898F7100FCB2F9 /* Build configuration list for PBXNativeTarget "iOSBackgroundTest" */;
			buildPhases = (
				AA6BA1A016898F7100FCB2F9 /* Sources */,
				AA6BA1A116898F7100FCB2F9 /* Frameworks */,
				AA6BA1A216898F7100FCB2F9 /* Resources */,
			);
			buildRules = (
			);
			dependencies = (
			);
			name = iOSBackgroundTest;
			productName = iOSBackgroundTest;
			productReference = AA6BA1A416898F7100FCB2F9 /* iOSBackgroundTest.app */;
			productType = "com.apple.product-type.application";
		};
/* End PBXNativeTarget section */

/* Begin PBXProject section */
		AA6BA19B16898F7100FCB2F9 /* Project object */ = {
			isa = PBXProject;
			attributes = {
				LastUpgradeCheck = 0450;
				ORGANIZATIONNAME = Steve;
			};
			buildConfigurationList = AA6BA19E16898F7100FCB2F9 /* Build configuration list for PBXProject "iOSBackgroundTest" */;
			compatibilityVersion = "Xcode 3.2";
			developmentRegion = English;
			hasScannedForEncodings = 0;
			knownRegions = (
				en,
			);
			mainGroup = AA6BA19916898F7100FCB2F9;
			productRefGroup = AA6BA1A516898F7100FCB2F9 /* Products */;
			projectDirPath = "";
			projectRoot = "";
			targets = (
				AA6BA1A316898F7100FCB2F9 /* iOSBackgroundTest */,
			);
		};
/* End PBXProject section */

/* Begin PBXResourcesBuildPhase section */
		AA6BA1A216898F7100FCB2F9 /* Resources */ = {
			isa = PBXResourcesBuildPhase;
			buildActionMask = 2147483647;
			files = (
				AA6BA1B316898F7100FCB2F9 /* InfoPlist.strings in Resources */,
				AA6BA1BB16898F7100FCB2F9 /* Default.png in Resources */,
				AA6BA1BD16898F7100FCB2F9 /* Default@2x.png in Resources */,
				AA6BA1BF16898F7100FCB2F9 /* Default-568h@2x.png in Resources */,
				AA6BA1C516898F7100FCB2F9 /* ViewController.xib in Resources */,
			);
			runOnlyForDeploymentPostprocessing = 0;
		};
/* End PBXResourcesBuildPhase section */

/* Begin PBXSourcesBuildPhase section */
		AA6BA1A016898F7100FCB2F9 /* Sources */ = {
			isa = PBXSourcesBuildPhase;
			buildActionMask = 2147483647;
			files = (
				AA6BA1B516898F7100FCB2F9 /* main.m in Sources */,
				AA6BA1B916898F7100FCB2F9 /* AppDelegate.m in Sources */,
				AA6BA1C216898F7100FCB2F9 /* ViewController.m in Sources */,
			);
			runOnlyForDeploymentPostprocessing = 0;
		};
/* End PBXSourcesBuildPhase section */

/* Begin PBXVariantGroup section */
		AA6BA1B116898F7100FCB2F9 /* InfoPlist.strings */ = {
			isa = PBXVariantGroup;
			children = (
				AA6BA1B216898F7100FCB2F9 /* en */,
			);
			name = InfoPlist.strings;
			sourceTree = "<group>";
		};
		AA6BA1C316898F7100FCB2F9 /* ViewController.xib */ = {
			isa = PBXVariantGroup;
			children = (
				AA6BA1C416898F7100FCB2F9 /* en */,
			);
			name = ViewController.xib;
			sourceTree = "<group>";
		};
/* End PBXVariantGroup section */

/* Begin XCBuildConfiguration section */
		AA6BA1C616898F7100FCB2F9 /* Debug */ = {
			isa = XCBuildConfiguration;
			buildSettings = {
				ALWAYS_SEARCH_USER_PATHS = NO;
				CLANG_CXX_LANGUAGE_STANDARD = "gnu++0x";
				CLANG_CXX_LIBRARY = "libc++";
				CLANG_WARN_EMPTY_BODY = YES;
				CLANG_WARN__DUPLICATE_METHOD_MATCH = YES;
				"CODE_SIGN_IDENTITY[sdk=iphoneos*]" = "iPhone Developer";
				COPY_PHASE_STRIP = NO;
				GCC_C_LANGUAGE_STANDARD = gnu99;
				GCC_DYNAMIC_NO_PIC = NO;
				GCC_OPTIMIZATION_LEVEL = 0;
				GCC_PREPROCESSOR_DEFINITIONS = (
					"DEBUG=1",
					"$(inherited)",
				);
				GCC_SYMBOLS_PRIVATE_EXTERN = NO;
				GCC_WARN_ABOUT_RETURN_TYPE = YES;
				GCC_WARN_UNINITIALIZED_AUTOS = YES;
				GCC_WARN_UNUSED_VARIABLE = YES;
				IPHONEOS_DEPLOYMENT_TARGET = 6.0;
				ONLY_ACTIVE_ARCH = YES;
				SDKROOT = iphoneos;
			};
			name = Debug;
		};
		AA6BA1C716898F7100FCB2F9 /* Release */ = {
			isa = XCBuildConfiguration;
			buildSettings = {
				ALWAYS_SEARCH_USER_PATHS = NO;
				CLANG_CXX_LANGUAGE_STANDARD = "gnu++0x";
				CLANG_CXX_LIBRARY = "libc++";
				CLANG_WARN_EMPTY_BODY = YES;
				CLANG_WARN__DUPLICATE_METHOD_MATCH = YES;
				"CODE_SIGN_IDENTITY[sdk=iphoneos*]" = "iPhone Developer";
				COPY_PHASE_STRIP = YES;
				GCC_C_LANGUAGE_STANDARD = gnu99;
				GCC_WARN_ABOUT_RETURN_TYPE = YES;
				GCC_WARN_UNINITIALIZED_AUTOS = YES;
				GCC_WARN_UNUSED_VARIABLE = YES;
				IPHONEOS_DEPLOYMENT_TARGET = 6.0;
				OTHER_CFLAGS = "-DNS_BLOCK_ASSERTIONS=1";
				SDKROOT = iphoneos;
				VALIDATE_PRODUCT = YES;
			};
			name = Release;
		};
		AA6BA1C916898F7100FCB2F9 /* Debug */ = {
			isa = XCBuildConfiguration;
			buildSettings = {
				GCC_PRECOMPILE_PREFIX_HEADER = YES;
				GCC_PREFIX_HEADER = "iOSBackgroundTest/iOSBackgroundTest-Prefix.pch";
				INFOPLIST_FILE = "iOSBackgroundTest/iOSBackgroundTest-Info.plist";
				PRODUCT_NAME = "$(TARGET_NAME)";
				WRAPPER_EXTENSION = app;
			};
			name = Debug;
		};
		AA6BA1CA16898F7100FCB2F9 /* Release */ = {
			isa = XCBuildConfiguration;
			buildSettings = {
				GCC_PRECOMPILE_PREFIX_HEADER = YES;
				GCC_PREFIX_HEADER = "iOSBackgroundTest/iOSBackgroundTest-Prefix.pch";
				INFOPLIST_FILE = "iOSBackgroundTest/iOSBackgroundTest-Info.plist";
				PRODUCT_NAME = "$(TARGET_NAME)";
				WRAPPER_EXTENSION = app;
			};
			name = Release;
		};
/* End XCBuildConfiguration section */

/* Begin XCConfigurationList section */
		AA6BA19E16898F7100FCB2F9 /* Build configuration list for PBXProject "iOSBackgroundTest" */ = {
			isa = XCConfigurationList;
			buildConfigurations = (
				AA6BA1C616898F7100FCB2F9 /* Debug */,
				AA6BA1C716898F7100FCB2F9 /* Release */,
			);
			defaultConfigurationIsVisible = 0;
			defaultConfigurationName = Release;
		};
		AA6BA1C816898F7100FCB2F9 /* Build configuration list for PBXNativeTarget "iOSBackgroundTest" */ = {
			isa = XCConfigurationList;
			buildConfigurations = (
				AA6BA1C916898F7100FCB2F9 /* Debug */,
				AA6BA1CA16898F7100FCB2F9 /* Release */,
			);
			defaultConfigurationIsVisible = 0;
		};
/* End XCConfigurationList section */
	};
	rootObject = AA6BA19B16898F7100FCB2F9 /* Project object */;
}
